// !$*UTF8*$!
{
	archiveVersion = 1;
	classes = {
	};
	objectVersion = 46;
	objects = {

/* Begin PBXBuildFile section */
		405D0D8D1DDCDFCC00995D26 /* AppDelegate.swift in Sources */ = {isa = PBXBuildFile; fileRef = 405D0D8C1DDCDFCC00995D26 /* AppDelegate.swift */; };
		405D0D8F1DDCDFCC00995D26 /* ViewController.swift in Sources */ = {isa = PBXBuildFile; fileRef = 405D0D8E1DDCDFCC00995D26 /* ViewController.swift */; };
		405D0D921DDCDFCC00995D26 /* Main.storyboard in Resources */ = {isa = PBXBuildFile; fileRef = 405D0D901DDCDFCC00995D26 /* Main.storyboard */; };
		405D0D941DDCDFCC00995D26 /* Assets.xcassets in Resources */ = {isa = PBXBuildFile; fileRef = 405D0D931DDCDFCC00995D26 /* Assets.xcassets */; };
		405D0D971DDCDFCC00995D26 /* LaunchScreen.storyboard in Resources */ = {isa = PBXBuildFile; fileRef = 405D0D951DDCDFCC00995D26 /* LaunchScreen.storyboard */; };
/* End PBXBuildFile section */

/* Begin PBXFileReference section */
		405D0D891DDCDFCC00995D26 /* SwiftJson.app */ = {isa = PBXFileReference; explicitFileType = wrapper.application; includeInIndex = 0; path = SwiftJson.app; sourceTree = BUILT_PRODUCTS_DIR; };
		405D0D8C1DDCDFCC00995D26 /* AppDelegate.swift */ = {isa = PBXFileReference; lastKnownFileType = sourcecode.swift; path = AppDelegate.swift; sourceTree = "<group>"; };
		405D0D8E1DDCDFCC00995D26 /* ViewController.swift */ = {isa = PBXFileReference; lastKnownFileType = sourcecode.swift; path = ViewController.swift; sourceTree = "<group>"; };
		405D0D911DDCDFCC00995D26 /* Base */ = {isa = PBXFileReference; lastKnownFileType = file.storyboard; name = Base; path = Base.lproj/Main.storyboard; sourceTree = "<group>"; };
		405D0D931DDCDFCC00995D26 /* Assets.xcassets */ = {isa = PBXFileReference; lastKnownFileType = folder.assetcatalog; path = Assets.xcassets; sourceTree = "<group>"; };
		405D0D961DDCDFCC00995D26 /* Base */ = {isa = PBXFileReference; lastKnownFileType = file.storyboard; name = Base; path = Base.lproj/LaunchScreen.storyboard; sourceTree = "<group>"; };
		405D0D981DDCDFCC00995D26 /* Info.plist */ = {isa = PBXFileReference; lastKnownFileType = text.plist.xml; path = Info.plist; sourceTree = "<group>"; };
/* End PBXFileReference section */

/* Begin PBXFrameworksBuildPhase section */
		405D0D861DDCDFCC00995D26 /* Frameworks */ = {
			isa = PBXFrameworksBuildPhase;
			buildActionMask = 2147483647;
			files = (
			);
			runOnlyForDeploymentPostprocessing = 0;
		};
/* End PBXFrameworksBuildPhase section */

/* Begin PBXGroup section */
		405D0D801DDCDFCC00995D26 = {
			isa = PBXGroup;
			children = (
				405D0D8B1DDCDFCC00995D26 /* SwiftJson */,
				405D0D8A1DDCDFCC00995D26 /* Products */,
			);
			sourceTree = "<group>";
		};
		405D0D8A1DDCDFCC00995D26 /* Products */ = {
			isa = PBXGroup;
			children = (
				405D0D891DDCDFCC00995D26 /* SwiftJson.app */,
			);
			name = Products;
			sourceTree = "<group>";
		};
		405D0D8B1DDCDFCC00995D26 /* SwiftJson */ = {
			isa = PBXGroup;
			children = (
				405D0D8C1DDCDFCC00995D26 /* AppDelegate.swift */,
				405D0D8E1DDCDFCC00995D26 /* ViewController.swift */,
				405D0D901DDCDFCC00995D26 /* Main.storyboard */,
				405D0D931DDCDFCC00995D26 /* Assets.xcassets */,
				405D0D951DDCDFCC00995D26 /* LaunchScreen.storyboard */,
				405D0D981DDCDFCC00995D26 /* Info.plist */,
			);
			path = SwiftJson;
			sourceTree = "<group>";
		};
/* End PBXGroup section */

/* Begin PBXNativeTarget section */
		405D0D881DDCDFCC00995D26 /* SwiftJson */ = {
			isa = PBXNativeTarget;
			buildConfigurationList = 405D0D9B1DDCDFCC00995D26 /* Build configuration list for PBXNativeTarget "SwiftJson" */;
			buildPhases = (
				405D0D851DDCDFCC00995D26 /* Sources */,
				405D0D861DDCDFCC00995D26 /* Frameworks */,
				405D0D871DDCDFCC00995D26 /* Resources */,
			);
			buildRules = (
			);
			dependencies = (
			);
			name = SwiftJson;
			productName = SwiftJson;
			productReference = 405D0D891DDCDFCC00995D26 /* SwiftJson.app */;
			productType = "com.apple.product-type.application";
		};
/* End PBXNativeTarget section */

/* Begin PBXProject section */
		405D0D811DDCDFCC00995D26 /* Project object */ = {
			isa = PBXProject;
			attributes = {
				LastSwiftUpdateCheck = 0800;
				LastUpgradeCheck = 0800;
				ORGANIZATIONNAME = "Sobhan Eskandari";
				TargetAttributes = {
					405D0D881DDCDFCC00995D26 = {
						CreatedOnToolsVersion = 8.0;
						ProvisioningStyle = Automatic;
					};
				};
			};
			buildConfigurationList = 405D0D841DDCDFCC00995D26 /* Build configuration list for PBXProject "SwiftJson" */;
			compatibilityVersion = "Xcode 3.2";
			developmentRegion = English;
			hasScannedForEncodings = 0;
			knownRegions = (
				en,
				Base,
			);
			mainGroup = 405D0D801DDCDFCC00995D26;
			productRefGroup = 405D0D8A1DDCDFCC00995D26 /* Products */;
			projectDirPath = "";
			projectRoot = "";
			targets = (
				405D0D881DDCDFCC00995D26 /* SwiftJson */,
			);
		};
/* End PBXProject section */

/* Begin PBXResourcesBuildPhase section */
		405D0D871DDCDFCC00995D26 /* Resources */ = {
			isa = PBXResourcesBuildPhase;
			buildActionMask = 2147483647;
			files = (
				405D0D971DDCDFCC00995D26 /* LaunchScreen.storyboard in Resources */,
				405D0D941DDCDFCC00995D26 /* Assets.xcassets in Resources */,
				405D0D921DDCDFCC00995D26 /* Main.storyboard in Resources */,
			);
			runOnlyForDeploymentPostprocessing = 0;
		};
/* End PBXResourcesBuildPhase section */

/* Begin PBXSourcesBuildPhase section */
		405D0D851DDCDFCC00995D26 /* Sources */ = {
			isa = PBXSourcesBuildPhase;
			buildActionMask = 2147483647;
			files = (
				405D0D8F1DDCDFCC00995D26 /* ViewController.swift in Sources */,
				405D0D8D1DDCDFCC00995D26 /* AppDelegate.swift in Sources */,
			);
			runOnlyForDeploymentPostprocessing = 0;
		};
/* End PBXSourcesBuildPhase section */

/* Begin PBXVariantGroup section */
		405D0D901DDCDFCC00995D26 /* Main.storyboard */ = {
			isa = PBXVariantGroup;
			children = (
				405D0D911DDCDFCC00995D26 /* Base */,
			);
			name = Main.storyboard;
			sourceTree = "<group>";
		};
		405D0D951DDCDFCC00995D26 /* LaunchScreen.storyboard */ = {
			isa = PBXVariantGroup;
			children = (
				405D0D961DDCDFCC00995D26 /* Base */,
			);
			name = LaunchScreen.storyboard;
			sourceTree = "<group>";
		};
/* End PBXVariantGroup section */

/* Begin XCBuildConfiguration section */
		405D0D991DDCDFCC00995D26 /* Debug */ = {
			isa = XCBuildConfiguration;
			buildSettings = {
				ALWAYS_SEARCH_USER_PATHS = NO;
				CLANG_ANALYZER_NONNULL = YES;
				CLANG_CXX_LANGUAGE_STANDARD = "gnu++0x";
				CLANG_CXX_LIBRARY = "libc++";
				CLANG_ENABLE_MODULES = YES;
				CLANG_ENABLE_OBJC_ARC = YES;
				CLANG_WARN_BOOL_CONVERSION = YES;
				CLANG_WARN_CONSTANT_CONVERSION = YES;
				CLANG_WARN_DIRECT_OBJC_ISA_USAGE = YES_ERROR;
				CLANG_WARN_DOCUMENTATION_COMMENTS = YES;
				CLANG_WARN_EMPTY_BODY = YES;
				CLANG_WARN_ENUM_CONVERSION = YES;
				CLANG_WARN_INFINITE_RECURSION = YES;
				CLANG_WARN_INT_CONVERSION = YES;
				CLANG_WARN_OBJC_ROOT_CLASS = YES_ERROR;
				CLANG_WARN_SUSPICIOUS_MOVES = YES;
				CLANG_WARN_UNREACHABLE_CODE = YES;
				CLANG_WARN__DUPLICATE_METHOD_MATCH = YES;
				"CODE_SIGN_IDENTITY[sdk=iphoneos*]" = "iPhone Developer";
				COPY_PHASE_STRIP = NO;
				DEBUG_INFORMATION_FORMAT = dwarf;
				ENABLE_STRICT_OBJC_MSGSEND = YES;
				ENABLE_TESTABILITY = YES;
				GCC_C_LANGUAGE_STANDARD = gnu99;
				GCC_DYNAMIC_NO_PIC = NO;
				GCC_NO_COMMON_BLOCKS = YES;
				GCC_OPTIMIZATION_LEVEL = 0;
				GCC_PREPROCESSOR_DEFINITIONS = (
					"DEBUG=1",
					"$(inherited)",
				);
				GCC_WARN_64_TO_32_BIT_CONVERSION = YES;
				GCC_WARN_ABOUT_RETURN_TYPE = YES_ERROR;
				GCC_WARN_UNDECLARED_SELECTOR = YES;
				GCC_WARN_UNINITIALIZED_AUTOS = YES_AGGRESSIVE;
				GCC_WARN_UNUSED_FUNCTION = YES;
				GCC_WARN_UNUSED_VARIABLE = YES;
				IPHONEOS_DEPLOYMENT_TARGET = 10.0;
				MTL_ENABLE_DEBUG_INFO = YES;
				ONLY_ACTIVE_ARCH = YES;
				SDKROOT = iphoneos;
				SWIFT_ACTIVE_COMPILATION_CONDITIONS = DEBUG;
				SWIFT_OPTIMIZATION_LEVEL = "-Onone";
				TARGETED_DEVICE_FAMILY = "1,2";
			};
			name = Debug;
		};
		405D0D9A1DDCDFCC00995D26 /* Release */ = {
			isa = XCBuildConfiguration;
			buildSettings = {
				ALWAYS_SEARCH_USER_PATHS = NO;
				CLANG_ANALYZER_NONNULL = YES;
				CLANG_CXX_LANGUAGE_STANDARD = "gnu++0x";
				CLANG_CXX_LIBRARY = "libc++";
				CLANG_ENABLE_MODULES = YES;
				CLANG_ENABLE_OBJC_ARC = YES;
				CLANG_WARN_BOOL_CONVERSION = YES;
				CLANG_WARN_CONSTANT_CONVERSION = YES;
				CLANG_WARN_DIRECT_OBJC_ISA_USAGE = YES_ERROR;
				CLANG_WARN_DOCUMENTATION_COMMENTS = YES;
				CLANG_WARN_EMPTY_BODY = YES;
				CLANG_WARN_ENUM_CONVERSION = YES;
				CLANG_WARN_INFINITE_RECURSION = YES;
				CLANG_WARN_INT_CONVERSION = YES;
				CLANG_WARN_OBJC_ROOT_CLASS = YES_ERROR;
				CLANG_WARN_SUSPICIOUS_MOVES = YES;
				CLANG_WARN_UNREACHABLE_CODE = YES;
				CLANG_WARN__DUPLICATE_METHOD_MATCH = YES;
				"CODE_SIGN_IDENTITY[sdk=iphoneos*]" = "iPhone Developer";
				COPY_PHASE_STRIP = NO;
				DEBUG_INFORMATION_FORMAT = "dwarf-with-dsym";
				ENABLE_NS_ASSERTIONS = NO;
				ENABLE_STRICT_OBJC_MSGSEND = YES;
				GCC_C_LANGUAGE_STANDARD = gnu99;
				GCC_NO_COMMON_BLOCKS = YES;
				GCC_WARN_64_TO_32_BIT_CONVERSION = YES;
				GCC_WARN_ABOUT_RETURN_TYPE = YES_ERROR;
				GCC_WARN_UNDECLARED_SELECTOR = YES;
				GCC_WARN_UNINITIALIZED_AUTOS = YES_AGGRESSIVE;
				GCC_WARN_UNUSED_FUNCTION = YES;
				GCC_WARN_UNUSED_VARIABLE = YES;
				IPHONEOS_DEPLOYMENT_TARGET = 10.0;
				MTL_ENABLE_DEBUG_INFO = NO;
				SDKROOT = iphoneos;
				SWIFT_OPTIMIZATION_LEVEL = "-Owholemodule";
				TARGETED_DEVICE_FAMILY = "1,2";
				VALIDATE_PRODUCT = YES;
			};
			name = Release;
		};
		405D0D9C1DDCDFCC00995D26 /* Debug */ = {
			isa = XCBuildConfiguration;
			buildSettings = {
				ASSETCATALOG_COMPILER_APPICON_NAME = AppIcon;
				INFOPLIST_FILE = SwiftJson/Info.plist;
				LD_RUNPATH_SEARCH_PATHS = "$(inherited) @executable_path/Frameworks";
				PRODUCT_BUNDLE_IDENTIFIER = com.imagna.SwiftJson;
				PRODUCT_NAME = "$(TARGET_NAME)";
				SWIFT_VERSION = 3.0;
			};
			name = Debug;
		};
		405D0D9D1DDCDFCC00995D26 /* Release */ = {
			isa = XCBuildConfiguration;
			buildSettings = {
				ASSETCATALOG_COMPILER_APPICON_NAME = AppIcon;
				INFOPLIST_FILE = SwiftJson/Info.plist;
				LD_RUNPATH_SEARCH_PATHS = "$(inherited) @executable_path/Frameworks";
				PRODUCT_BUNDLE_IDENTIFIER = com.imagna.SwiftJson;
				PRODUCT_NAME = "$(TARGET_NAME)";
				SWIFT_VERSION = 3.0;
			};
			name = Release;
		};
/* End XCBuildConfiguration section */

/* Begin XCConfigurationList section */
		405D0D841DDCDFCC00995D26 /* Build configuration list for PBXProject "SwiftJson" */ = {
			isa = XCConfigurationList;
			buildConfigurations = (
				405D0D991DDCDFCC00995D26 /* Debug */,
				405D0D9A1DDCDFCC00995D26 /* Release */,
			);
			defaultConfigurationIsVisible = 0;
			defaultConfigurationName = Release;
		};
		405D0D9B1DDCDFCC00995D26 /* Build configuration list for PBXNativeTarget "SwiftJson" */ = {
			isa = XCConfigurationList;
			buildConfigurations = (
				405D0D9C1DDCDFCC00995D26 /* Debug */,
				405D0D9D1DDCDFCC00995D26 /* Release */,
			);
			defaultConfigurationIsVisible = 0;
		};
/* End XCConfigurationList section */
	};
	rootObject = 405D0D811DDCDFCC00995D26 /* Project object */;
}
